
Microsoft Visual Studio Solution File, Format Version 12.00
# Visual Studio Version 17
VisualStudioVersion = 17.8.34309.116
MinimumVisualStudioVersion = 10.0.40219.1
Project("{9A19103F-16F7-4668-BE54-9A1E7A4F7556}") = "SoundApi", "SoundApi\SoundApi.csproj", "{3ABDBE48-1A1F-4B4B-AC2D-3E304410962C}"
EndProject
Project("{FAE04EC0-301F-11D3-BF4B-00C04F79EFBC}") = "SoundApi.UnitTests", "SoundApi.UnitTests\SoundApi.UnitTests.csproj", "{4293BFC5-7CDE-4387-87A0-843D347FC6BB}"
EndProject
Global
	GlobalSection(SolutionConfigurationPlatforms) = preSolution
		Debug|Any CPU = Debug|Any CPU
		Release|Any CPU = Release|Any CPU
	EndGlobalSection
	GlobalSection(ProjectConfigurationPlatforms) = postSolution
		{3ABDBE48-1A1F-4B4B-AC2D-3E304410962C}.Debug|Any CPU.ActiveCfg = Debug|Any CPU
		{3ABDBE48-1A1F-4B4B-AC2D-3E304410962C}.Debug|Any CPU.Build.0 = Debug|Any CPU
		{3ABDBE48-1A1F-4B4B-AC2D-3E304410962C}.Release|Any CPU.ActiveCfg = Release|Any CPU
		{3ABDBE48-1A1F-4B4B-AC2D-3E304410962C}.Release|Any CPU.Build.0 = Release|Any CPU
		{4293BFC5-7CDE-4387-87A0-843D347FC6BB}.Debug|Any CPU.ActiveCfg = Debug|Any CPU
		{4293BFC5-7CDE-4387-87A0-843D347FC6BB}.Debug|Any CPU.Build.0 = Debug|Any CPU
		{4293BFC5-7CDE-4387-87A0-843D347FC6BB}.Release|Any CPU.ActiveCfg = Release|Any CPU
		{4293BFC5-7CDE-4387-87A0-843D347FC6BB}.Release|Any CPU.Build.0 = Release|Any CPU
	EndGlobalSection
	GlobalSection(SolutionProperties) = preSolution
		HideSolutionNode = FALSE
	EndGlobalSection
	GlobalSection(ExtensibilityGlobals) = postSolution
		SolutionGuid = {5AAE5677-CF08-42FF-92C6-3B903686C2A7}
	EndGlobalSection
EndGlobal
